
Microsoft Visual Studio Solution File, Format Version 12.00
# Visual Studio Version 17
VisualStudioVersion = 17.13.35806.99
MinimumVisualStudioVersion = 10.0.40219.1
Project("{FAE04EC0-301F-11D3-BF4B-00C04F79EFBC}") = "ClassroomRPG", "ClassroomRPG\ClassroomRPG.csproj", "{BC6C6D2C-6E79-41E1-8601-96131BF79532}"
EndProject
Project("{2150E333-8FDC-42A3-9474-1A3956D46DE8}") = "Solution Items", "Solution Items", "{88E144AE-11D5-4683-8DDE-3CF477A53B74}"
	ProjectSection(SolutionItems) = preProject
		README.txt = README.txt
	EndProjectSection
EndProject
Global
	GlobalSection(SolutionConfigurationPlatforms) = preSolution
		Debug|Any CPU = Debug|Any CPU
		Release|Any CPU = Release|Any CPU
	EndGlobalSection
	GlobalSection(ProjectConfigurationPlatforms) = postSolution
		{BC6C6D2C-6E79-41E1-8601-96131BF79532}.Debug|Any CPU.ActiveCfg = Debug|Any CPU
		{BC6C6D2C-6E79-41E1-8601-96131BF79532}.Debug|Any CPU.Build.0 = Debug|Any CPU
		{BC6C6D2C-6E79-41E1-8601-96131BF79532}.Release|Any CPU.ActiveCfg = Release|Any CPU
		{BC6C6D2C-6E79-41E1-8601-96131BF79532}.Release|Any CPU.Build.0 = Release|Any CPU
	EndGlobalSection
	GlobalSection(SolutionProperties) = preSolution
		HideSolutionNode = FALSE
	EndGlobalSection
	GlobalSection(ExtensibilityGlobals) = postSolution
		SolutionGuid = {3F9F84A6-71E0-4728-854F-57F5FE113848}
	EndGlobalSection
EndGlobal
